
Microsoft Visual Studio Solution File, Format Version 12.00
# Visual Studio Version 16
VisualStudioVersion = 16.0.32413.511
MinimumVisualStudioVersion = 10.0.40219.1
Project("{FAE04EC0-301F-11D3-BF4B-00C04F79EFBC}") = "Homework", "Homework\Homework.csproj", "{A23968F9-BD3A-4396-8C79-B8441323860B}"
EndProject
Global
	GlobalSection(SolutionConfigurationPlatforms) = preSolution
		Debug|Any CPU = Debug|Any CPU
		Release|Any CPU = Release|Any CPU
	EndGlobalSection
	GlobalSection(ProjectConfigurationPlatforms) = postSolution
		{A23968F9-BD3A-4396-8C79-B8441323860B}.Debug|Any CPU.ActiveCfg = Debug|Any CPU
		{A23968F9-BD3A-4396-8C79-B8441323860B}.Debug|Any CPU.Build.0 = Debug|Any CPU
		{A23968F9-BD3A-4396-8C79-B8441323860B}.Release|Any CPU.ActiveCfg = Release|Any CPU
		{A23968F9-BD3A-4396-8C79-B8441323860B}.Release|Any CPU.Build.0 = Release|Any CPU
	EndGlobalSection
	GlobalSection(SolutionProperties) = preSolution
		HideSolutionNode = FALSE
	EndGlobalSection
	GlobalSection(ExtensibilityGlobals) = postSolution
		SolutionGuid = {53AA54E3-8FBD-453A-AB5E-580F90855D49}
	EndGlobalSection
EndGlobal
